
Microsoft Visual Studio Solution File, Format Version 12.00
# Visual Studio Version 16
VisualStudioVersion = 16.0.29519.181
MinimumVisualStudioVersion = 10.0.40219.1
Project("{FAE04EC0-301F-11D3-BF4B-00C04F79EFBC}") = "SchoolExamGuide.UI", "SchoolExamGuide.UI\SchoolExamGuide.UI.csproj", "{A520B863-A9ED-4CFF-ACD9-EC3ADE58B8AD}"
EndProject
Project("{FAE04EC0-301F-11D3-BF4B-00C04F79EFBC}") = "SchoolExamGuide.BL", "SchoolExamGuide.BL\SchoolExamGuide.BL.csproj", "{97C3F018-467E-49CA-9333-60AB408D6DC8}"
EndProject
Project("{FAE04EC0-301F-11D3-BF4B-00C04F79EFBC}") = "SchoolExamGuide.DAL", "SchoolExamGuide.DAL\SchoolExamGuide.DAL.csproj", "{70ECA6AF-6409-42F2-A1CE-5CA503DA70A2}"
EndProject
Project("{FAE04EC0-301F-11D3-BF4B-00C04F79EFBC}") = "SchoolExamGuide.Entities", "SchoolExamGuide.Entities\SchoolExamGuide.Entities.csproj", "{A9685278-36EF-469B-B65C-C12F84E0A530}"
EndProject
Global
	GlobalSection(SolutionConfigurationPlatforms) = preSolution
		Debug|Any CPU = Debug|Any CPU
		Release|Any CPU = Release|Any CPU
	EndGlobalSection
	GlobalSection(ProjectConfigurationPlatforms) = postSolution
		{A520B863-A9ED-4CFF-ACD9-EC3ADE58B8AD}.Debug|Any CPU.ActiveCfg = Debug|Any CPU
		{A520B863-A9ED-4CFF-ACD9-EC3ADE58B8AD}.Debug|Any CPU.Build.0 = Debug|Any CPU
		{A520B863-A9ED-4CFF-ACD9-EC3ADE58B8AD}.Release|Any CPU.ActiveCfg = Release|Any CPU
		{A520B863-A9ED-4CFF-ACD9-EC3ADE58B8AD}.Release|Any CPU.Build.0 = Release|Any CPU
		{97C3F018-467E-49CA-9333-60AB408D6DC8}.Debug|Any CPU.ActiveCfg = Debug|Any CPU
		{97C3F018-467E-49CA-9333-60AB408D6DC8}.Debug|Any CPU.Build.0 = Debug|Any CPU
		{97C3F018-467E-49CA-9333-60AB408D6DC8}.Release|Any CPU.ActiveCfg = Release|Any CPU
		{97C3F018-467E-49CA-9333-60AB408D6DC8}.Release|Any CPU.Build.0 = Release|Any CPU
		{70ECA6AF-6409-42F2-A1CE-5CA503DA70A2}.Debug|Any CPU.ActiveCfg = Debug|Any CPU
		{70ECA6AF-6409-42F2-A1CE-5CA503DA70A2}.Debug|Any CPU.Build.0 = Debug|Any CPU
		{70ECA6AF-6409-42F2-A1CE-5CA503DA70A2}.Release|Any CPU.ActiveCfg = Release|Any CPU
		{70ECA6AF-6409-42F2-A1CE-5CA503DA70A2}.Release|Any CPU.Build.0 = Release|Any CPU
		{A9685278-36EF-469B-B65C-C12F84E0A530}.Debug|Any CPU.ActiveCfg = Debug|Any CPU
		{A9685278-36EF-469B-B65C-C12F84E0A530}.Debug|Any CPU.Build.0 = Debug|Any CPU
		{A9685278-36EF-469B-B65C-C12F84E0A530}.Release|Any CPU.ActiveCfg = Release|Any CPU
		{A9685278-36EF-469B-B65C-C12F84E0A530}.Release|Any CPU.Build.0 = Release|Any CPU
	EndGlobalSection
	GlobalSection(SolutionProperties) = preSolution
		HideSolutionNode = FALSE
	EndGlobalSection
	GlobalSection(ExtensibilityGlobals) = postSolution
		SolutionGuid = {B2F94C37-C44B-415D-98A1-1640622070B2}
	EndGlobalSection
EndGlobal
